
Microsoft Visual Studio Solution File, Format Version 12.00
# Visual Studio Version 17
VisualStudioVersion = 17.7.34024.191
MinimumVisualStudioVersion = 10.0.40219.1
Project("{FAE04EC0-301F-11D3-BF4B-00C04F79EFBC}") = "WpfApp6", "WpfApp6\WpfApp6.csproj", "{01E7AD51-091C-4E82-8472-AA667410F47E}"
EndProject
Global
	GlobalSection(SolutionConfigurationPlatforms) = preSolution
		Debug|Any CPU = Debug|Any CPU
		Release|Any CPU = Release|Any CPU
	EndGlobalSection
	GlobalSection(ProjectConfigurationPlatforms) = postSolution
		{01E7AD51-091C-4E82-8472-AA667410F47E}.Debug|Any CPU.ActiveCfg = Debug|Any CPU
		{01E7AD51-091C-4E82-8472-AA667410F47E}.Debug|Any CPU.Build.0 = Debug|Any CPU
		{01E7AD51-091C-4E82-8472-AA667410F47E}.Release|Any CPU.ActiveCfg = Release|Any CPU
		{01E7AD51-091C-4E82-8472-AA667410F47E}.Release|Any CPU.Build.0 = Release|Any CPU
	EndGlobalSection
	GlobalSection(SolutionProperties) = preSolution
		HideSolutionNode = FALSE
	EndGlobalSection
	GlobalSection(ExtensibilityGlobals) = postSolution
		SolutionGuid = {7D4399D7-B4CC-4730-9F5D-57BE0F997CFD}
	EndGlobalSection
EndGlobal
